
Microsoft Visual Studio Solution File, Format Version 12.00
# Visual Studio Version 17
VisualStudioVersion = 17.2.32630.192
MinimumVisualStudioVersion = 10.0.40219.1
Project("{9A19103F-16F7-4668-BE54-9A1E7A4F7556}") = "ManagementUI", "ManagementUI\ManagementUI.csproj", "{0FE6F8FD-853E-4540-A546-72EFBDA6B13F}"
EndProject
Global
	GlobalSection(SolutionConfigurationPlatforms) = preSolution
		Debug|Any CPU = Debug|Any CPU
		Release|Any CPU = Release|Any CPU
	EndGlobalSection
	GlobalSection(ProjectConfigurationPlatforms) = postSolution
		{0FE6F8FD-853E-4540-A546-72EFBDA6B13F}.Debug|Any CPU.ActiveCfg = Debug|Any CPU
		{0FE6F8FD-853E-4540-A546-72EFBDA6B13F}.Debug|Any CPU.Build.0 = Debug|Any CPU
		{0FE6F8FD-853E-4540-A546-72EFBDA6B13F}.Release|Any CPU.ActiveCfg = Release|Any CPU
		{0FE6F8FD-853E-4540-A546-72EFBDA6B13F}.Release|Any CPU.Build.0 = Release|Any CPU
	EndGlobalSection
	GlobalSection(SolutionProperties) = preSolution
		HideSolutionNode = FALSE
	EndGlobalSection
	GlobalSection(ExtensibilityGlobals) = postSolution
		SolutionGuid = {76B160BC-2115-481F-9B97-098CAD74FD75}
	EndGlobalSection
EndGlobal
